
Microsoft Visual Studio Solution File, Format Version 11.00
# Visual Studio 2010
Project("{FAE04EC0-301F-11D3-BF4B-00C04F79EFBC}") = "Nina", "Nina\Nina.csproj", "{CB9C738A-0A1E-4FC7-9AB0-62623093A437}"
EndProject
Project("{FAE04EC0-301F-11D3-BF4B-00C04F79EFBC}") = "Nina.Demo", "Nina.Demo\Nina.Demo.csproj", "{502C23C2-0D56-4D44-8124-784EB37CBE7F}"
EndProject
Project("{FAE04EC0-301F-11D3-BF4B-00C04F79EFBC}") = "Nina.ViewEngines.NHaml", "Nina.ViewEngines.NHaml\Nina.ViewEngines.NHaml.csproj", "{6164594C-298B-4F12-8692-BA2B2EAA6B80}"
EndProject
Project("{FAE04EC0-301F-11D3-BF4B-00C04F79EFBC}") = "Nina.ViewEngines.Spark", "Nina.ViewEngines.Spark\Nina.ViewEngines.Spark.csproj", "{E7DBDE01-1AF1-40BF-9D09-586B96FB78F1}"
EndProject
Project("{FAE04EC0-301F-11D3-BF4B-00C04F79EFBC}") = "Nina.ViewEngines.NDjango", "Nina.ViewEngines.NDjango\Nina.ViewEngines.NDjango.csproj", "{D4C95851-B5F6-433D-A907-563FF299CD35}"
EndProject
Project("{2150E333-8FDC-42A3-9474-1A3956D46DE8}") = "Demos", "Demos", "{3587ED79-B6AE-4BE7-9E27-E784AD639AFC}"
EndProject
Project("{FAE04EC0-301F-11D3-BF4B-00C04F79EFBC}") = "Nina.Demo.Tinyurl", "Nina.Demo.Tinyurl\Nina.Demo.Tinyurl.csproj", "{085CF092-0280-499F-A1A5-72F10C94EFB3}"
EndProject
Project("{FAE04EC0-301F-11D3-BF4B-00C04F79EFBC}") = "Nina.Panda", "Nina.Panda\Nina.Panda.csproj", "{02D26D0B-8E98-4677-BE23-CC26E3D4997A}"
EndProject
Project("{FAE04EC0-301F-11D3-BF4B-00C04F79EFBC}") = "Nina.ViewEngines.Razor", "Nina.ViewEngines.Razor\Nina.ViewEngines.Razor.csproj", "{DF2EAA8E-8527-43D0-8B6D-73F999287DC7}"
EndProject
Global
	GlobalSection(SolutionConfigurationPlatforms) = preSolution
		Debug|Any CPU = Debug|Any CPU
		Debug|Mixed Platforms = Debug|Mixed Platforms
		Debug|x86 = Debug|x86
		Release|Any CPU = Release|Any CPU
		Release|Mixed Platforms = Release|Mixed Platforms
		Release|x86 = Release|x86
	EndGlobalSection
	GlobalSection(ProjectConfigurationPlatforms) = postSolution
		{CB9C738A-0A1E-4FC7-9AB0-62623093A437}.Debug|Any CPU.ActiveCfg = Debug|Any CPU
		{CB9C738A-0A1E-4FC7-9AB0-62623093A437}.Debug|Mixed Platforms.ActiveCfg = Debug|Any CPU
		{CB9C738A-0A1E-4FC7-9AB0-62623093A437}.Debug|x86.ActiveCfg = Debug|Any CPU
		{CB9C738A-0A1E-4FC7-9AB0-62623093A437}.Release|Any CPU.ActiveCfg = Release|Any CPU
		{CB9C738A-0A1E-4FC7-9AB0-62623093A437}.Release|Mixed Platforms.ActiveCfg = Release|Any CPU
		{CB9C738A-0A1E-4FC7-9AB0-62623093A437}.Release|x86.ActiveCfg = Release|Any CPU
		{502C23C2-0D56-4D44-8124-784EB37CBE7F}.Debug|Any CPU.ActiveCfg = Debug|Any CPU
		{502C23C2-0D56-4D44-8124-784EB37CBE7F}.Debug|Mixed Platforms.ActiveCfg = Debug|Any CPU
		{502C23C2-0D56-4D44-8124-784EB37CBE7F}.Debug|x86.ActiveCfg = Debug|Any CPU
		{502C23C2-0D56-4D44-8124-784EB37CBE7F}.Release|Any CPU.ActiveCfg = Release|Any CPU
		{502C23C2-0D56-4D44-8124-784EB37CBE7F}.Release|Mixed Platforms.ActiveCfg = Release|Any CPU
		{502C23C2-0D56-4D44-8124-784EB37CBE7F}.Release|x86.ActiveCfg = Release|Any CPU
		{6164594C-298B-4F12-8692-BA2B2EAA6B80}.Debug|Any CPU.ActiveCfg = Debug|Any CPU
		{6164594C-298B-4F12-8692-BA2B2EAA6B80}.Debug|Any CPU.Build.0 = Debug|Any CPU
		{6164594C-298B-4F12-8692-BA2B2EAA6B80}.Debug|Mixed Platforms.ActiveCfg = Debug|Any CPU
		{6164594C-298B-4F12-8692-BA2B2EAA6B80}.Debug|Mixed Platforms.Build.0 = Debug|Any CPU
		{6164594C-298B-4F12-8692-BA2B2EAA6B80}.Debug|x86.ActiveCfg = Debug|Any CPU
		{6164594C-298B-4F12-8692-BA2B2EAA6B80}.Release|Any CPU.ActiveCfg = Release|Any CPU
		{6164594C-298B-4F12-8692-BA2B2EAA6B80}.Release|Any CPU.Build.0 = Release|Any CPU
		{6164594C-298B-4F12-8692-BA2B2EAA6B80}.Release|Mixed Platforms.ActiveCfg = Release|Any CPU
		{6164594C-298B-4F12-8692-BA2B2EAA6B80}.Release|Mixed Platforms.Build.0 = Release|Any CPU
		{6164594C-298B-4F12-8692-BA2B2EAA6B80}.Release|x86.ActiveCfg = Release|Any CPU
		{E7DBDE01-1AF1-40BF-9D09-586B96FB78F1}.Debug|Any CPU.ActiveCfg = Debug|Any CPU
		{E7DBDE01-1AF1-40BF-9D09-586B96FB78F1}.Debug|Any CPU.Build.0 = Debug|Any CPU
		{E7DBDE01-1AF1-40BF-9D09-586B96FB78F1}.Debug|Mixed Platforms.ActiveCfg = Debug|Any CPU
		{E7DBDE01-1AF1-40BF-9D09-586B96FB78F1}.Debug|Mixed Platforms.Build.0 = Debug|Any CPU
		{E7DBDE01-1AF1-40BF-9D09-586B96FB78F1}.Debug|x86.ActiveCfg = Debug|Any CPU
		{E7DBDE01-1AF1-40BF-9D09-586B96FB78F1}.Release|Any CPU.ActiveCfg = Release|Any CPU
		{E7DBDE01-1AF1-40BF-9D09-586B96FB78F1}.Release|Any CPU.Build.0 = Release|Any CPU
		{E7DBDE01-1AF1-40BF-9D09-586B96FB78F1}.Release|Mixed Platforms.ActiveCfg = Release|Any CPU
		{E7DBDE01-1AF1-40BF-9D09-586B96FB78F1}.Release|Mixed Platforms.Build.0 = Release|Any CPU
		{E7DBDE01-1AF1-40BF-9D09-586B96FB78F1}.Release|x86.ActiveCfg = Release|Any CPU
		{D4C95851-B5F6-433D-A907-563FF299CD35}.Debug|Any CPU.ActiveCfg = Debug|Any CPU
		{D4C95851-B5F6-433D-A907-563FF299CD35}.Debug|Any CPU.Build.0 = Debug|Any CPU
		{D4C95851-B5F6-433D-A907-563FF299CD35}.Debug|Mixed Platforms.ActiveCfg = Debug|Any CPU
		{D4C95851-B5F6-433D-A907-563FF299CD35}.Debug|Mixed Platforms.Build.0 = Debug|Any CPU
		{D4C95851-B5F6-433D-A907-563FF299CD35}.Debug|x86.ActiveCfg = Debug|Any CPU
		{D4C95851-B5F6-433D-A907-563FF299CD35}.Release|Any CPU.ActiveCfg = Release|Any CPU
		{D4C95851-B5F6-433D-A907-563FF299CD35}.Release|Any CPU.Build.0 = Release|Any CPU
		{D4C95851-B5F6-433D-A907-563FF299CD35}.Release|Mixed Platforms.ActiveCfg = Release|Any CPU
		{D4C95851-B5F6-433D-A907-563FF299CD35}.Release|Mixed Platforms.Build.0 = Release|Any CPU
		{D4C95851-B5F6-433D-A907-563FF299CD35}.Release|x86.ActiveCfg = Release|Any CPU
		{085CF092-0280-499F-A1A5-72F10C94EFB3}.Debug|Any CPU.ActiveCfg = Debug|Any CPU
		{085CF092-0280-499F-A1A5-72F10C94EFB3}.Debug|Any CPU.Build.0 = Debug|Any CPU
		{085CF092-0280-499F-A1A5-72F10C94EFB3}.Debug|Mixed Platforms.ActiveCfg = Debug|Any CPU
		{085CF092-0280-499F-A1A5-72F10C94EFB3}.Debug|Mixed Platforms.Build.0 = Debug|Any CPU
		{085CF092-0280-499F-A1A5-72F10C94EFB3}.Debug|x86.ActiveCfg = Debug|Any CPU
		{085CF092-0280-499F-A1A5-72F10C94EFB3}.Release|Any CPU.ActiveCfg = Release|Any CPU
		{085CF092-0280-499F-A1A5-72F10C94EFB3}.Release|Any CPU.Build.0 = Release|Any CPU
		{085CF092-0280-499F-A1A5-72F10C94EFB3}.Release|Mixed Platforms.ActiveCfg = Release|Any CPU
		{085CF092-0280-499F-A1A5-72F10C94EFB3}.Release|Mixed Platforms.Build.0 = Release|Any CPU
		{085CF092-0280-499F-A1A5-72F10C94EFB3}.Release|x86.ActiveCfg = Release|Any CPU
		{02D26D0B-8E98-4677-BE23-CC26E3D4997A}.Debug|Any CPU.ActiveCfg = Debug|Any CPU
		{02D26D0B-8E98-4677-BE23-CC26E3D4997A}.Debug|Any CPU.Build.0 = Debug|Any CPU
		{02D26D0B-8E98-4677-BE23-CC26E3D4997A}.Debug|Mixed Platforms.ActiveCfg = Debug|Any CPU
		{02D26D0B-8E98-4677-BE23-CC26E3D4997A}.Debug|Mixed Platforms.Build.0 = Debug|Any CPU
		{02D26D0B-8E98-4677-BE23-CC26E3D4997A}.Debug|x86.ActiveCfg = Debug|Any CPU
		{02D26D0B-8E98-4677-BE23-CC26E3D4997A}.Release|Any CPU.ActiveCfg = Release|Any CPU
		{02D26D0B-8E98-4677-BE23-CC26E3D4997A}.Release|Any CPU.Build.0 = Release|Any CPU
		{02D26D0B-8E98-4677-BE23-CC26E3D4997A}.Release|Mixed Platforms.ActiveCfg = Release|Any CPU
		{02D26D0B-8E98-4677-BE23-CC26E3D4997A}.Release|Mixed Platforms.Build.0 = Release|Any CPU
		{02D26D0B-8E98-4677-BE23-CC26E3D4997A}.Release|x86.ActiveCfg = Release|Any CPU
		{DF2EAA8E-8527-43D0-8B6D-73F999287DC7}.Debug|Any CPU.ActiveCfg = Debug|Any CPU
		{DF2EAA8E-8527-43D0-8B6D-73F999287DC7}.Debug|Any CPU.Build.0 = Debug|Any CPU
		{DF2EAA8E-8527-43D0-8B6D-73F999287DC7}.Debug|Mixed Platforms.ActiveCfg = Debug|Any CPU
		{DF2EAA8E-8527-43D0-8B6D-73F999287DC7}.Debug|Mixed Platforms.Build.0 = Debug|Any CPU
		{DF2EAA8E-8527-43D0-8B6D-73F999287DC7}.Debug|x86.ActiveCfg = Debug|Any CPU
		{DF2EAA8E-8527-43D0-8B6D-73F999287DC7}.Release|Any CPU.ActiveCfg = Release|Any CPU
		{DF2EAA8E-8527-43D0-8B6D-73F999287DC7}.Release|Any CPU.Build.0 = Release|Any CPU
		{DF2EAA8E-8527-43D0-8B6D-73F999287DC7}.Release|Mixed Platforms.ActiveCfg = Release|Any CPU
		{DF2EAA8E-8527-43D0-8B6D-73F999287DC7}.Release|Mixed Platforms.Build.0 = Release|Any CPU
		{DF2EAA8E-8527-43D0-8B6D-73F999287DC7}.Release|x86.ActiveCfg = Release|Any CPU
	EndGlobalSection
	GlobalSection(SolutionProperties) = preSolution
		HideSolutionNode = FALSE
	EndGlobalSection
	GlobalSection(NestedProjects) = preSolution
		{085CF092-0280-499F-A1A5-72F10C94EFB3} = {3587ED79-B6AE-4BE7-9E27-E784AD639AFC}
		{02D26D0B-8E98-4677-BE23-CC26E3D4997A} = {3587ED79-B6AE-4BE7-9E27-E784AD639AFC}
	EndGlobalSection
EndGlobal
